// !$*UTF8*$!
{
	archiveVersion = 1;
	classes = {
	};
	objectVersion = 51;
	objects = {

/* Begin PBXBuildFile section */
		3AA388DA27244F55005C9DD6 /* GenreCollectionViewCell.swift in Sources */ = {isa = PBXBuildFile; fileRef = 3AA388D927244F55005C9DD6 /* GenreCollectionViewCell.swift */; };
		3AA388DC27245971005C9DD6 /* CategoriesResponse.swift in Sources */ = {isa = PBXBuildFile; fileRef = 3AA388DB27245971005C9DD6 /* CategoriesResponse.swift */; };
		3AA388DE27245FA6005C9DD6 /* CategoryCollectionViewCellModel.swift in Sources */ = {isa = PBXBuildFile; fileRef = 3AA388DD27245FA6005C9DD6 /* CategoryCollectionViewCellModel.swift */; };
		3AA388E027246E7C005C9DD6 /* CategoryViewController.swift in Sources */ = {isa = PBXBuildFile; fileRef = 3AA388DF27246E7C005C9DD6 /* CategoryViewController.swift */; };
		3AA388E22725504C005C9DD6 /* PlaylistHeaderCollectionReusableView.swift in Sources */ = {isa = PBXBuildFile; fileRef = 3AA388E12725504C005C9DD6 /* PlaylistHeaderCollectionReusableView.swift */; };
		3AA388E4272553CF005C9DD6 /* PlaylistHeaderViewViewModel.swift in Sources */ = {isa = PBXBuildFile; fileRef = 3AA388E3272553CF005C9DD6 /* PlaylistHeaderViewViewModel.swift */; };
		3AA388E627259637005C9DD6 /* TitleHeaderCollectionReusableView.swift in Sources */ = {isa = PBXBuildFile; fileRef = 3AA388E527259637005C9DD6 /* TitleHeaderCollectionReusableView.swift */; };
		3AA388E827259D11005C9DD6 /* AlbumTrackCollectionViewCell.swift in Sources */ = {isa = PBXBuildFile; fileRef = 3AA388E727259D11005C9DD6 /* AlbumTrackCollectionViewCell.swift */; };
		3AA388EA27259E87005C9DD6 /* AlbumCollectionViewCellViewModel.swift in Sources */ = {isa = PBXBuildFile; fileRef = 3AA388E927259E87005C9DD6 /* AlbumCollectionViewCellViewModel.swift */; };
		3AA388EC2725C001005C9DD6 /* SearchResultResponse.swift in Sources */ = {isa = PBXBuildFile; fileRef = 3AA388EB2725C001005C9DD6 /* SearchResultResponse.swift */; };
		3AA388EE2725C39D005C9DD6 /* SearchResult.swift in Sources */ = {isa = PBXBuildFile; fileRef = 3AA388ED2725C39D005C9DD6 /* SearchResult.swift */; };
		3AB9FF12271608AF0051B41A /* AlbumViewController.swift in Sources */ = {isa = PBXBuildFile; fileRef = 3AB9FF11271608AF0051B41A /* AlbumViewController.swift */; };
		3AB9FF1427160D780051B41A /* AlbumDetailsResponse.swift in Sources */ = {isa = PBXBuildFile; fileRef = 3AB9FF1327160D780051B41A /* AlbumDetailsResponse.swift */; };
		3AB9FF162716158B0051B41A /* PlaylistDetailsResponse.swift in Sources */ = {isa = PBXBuildFile; fileRef = 3AB9FF152716158B0051B41A /* PlaylistDetailsResponse.swift */; };
		3ABD8F152714B3CB000BF470 /* NewReleasesCellViewModel.swift in Sources */ = {isa = PBXBuildFile; fileRef = 3ABD8F142714B3CB000BF470 /* NewReleasesCellViewModel.swift */; };
		3ABD8F172714CB32000BF470 /* FeaturedPlaylistCellViewModel.swift in Sources */ = {isa = PBXBuildFile; fileRef = 3ABD8F162714CB32000BF470 /* FeaturedPlaylistCellViewModel.swift */; };
		3ABD8F192714CB98000BF470 /* RecommendedTrackCellViewModel.swift in Sources */ = {isa = PBXBuildFile; fileRef = 3ABD8F182714CB98000BF470 /* RecommendedTrackCellViewModel.swift */; };
		3ABE983F2728823400430776 /* SearchResultDefaultTableViewCell.swift in Sources */ = {isa = PBXBuildFile; fileRef = 3ABE983E2728823400430776 /* SearchResultDefaultTableViewCell.swift */; };
		3ABE9841272884D000430776 /* SearchResultDefaultTableViewCellModel.swift in Sources */ = {isa = PBXBuildFile; fileRef = 3ABE9840272884D000430776 /* SearchResultDefaultTableViewCellModel.swift */; };
		3AFDFD5D2712E7710039F13D /* AppDelegate.swift in Sources */ = {isa = PBXBuildFile; fileRef = 3AFDFD5C2712E7710039F13D /* AppDelegate.swift */; };
		3AFDFD5F2712E7710039F13D /* SceneDelegate.swift in Sources */ = {isa = PBXBuildFile; fileRef = 3AFDFD5E2712E7710039F13D /* SceneDelegate.swift */; };
		3AFDFD662712E7740039F13D /* Assets.xcassets in Resources */ = {isa = PBXBuildFile; fileRef = 3AFDFD652712E7740039F13D /* Assets.xcassets */; };
		3AFDFD692712E7740039F13D /* LaunchScreen.storyboard in Resources */ = {isa = PBXBuildFile; fileRef = 3AFDFD672712E7740039F13D /* LaunchScreen.storyboard */; };
		3AFDFD782712EABF0039F13D /* TabBarViewController.swift in Sources */ = {isa = PBXBuildFile; fileRef = 3AFDFD772712EABF0039F13D /* TabBarViewController.swift */; };
		3AFDFD7A2712EAD90039F13D /* HomeViewController.swift in Sources */ = {isa = PBXBuildFile; fileRef = 3AFDFD792712EAD90039F13D /* HomeViewController.swift */; };
		3AFDFD7C2712EAE40039F13D /* SearchViewController.swift in Sources */ = {isa = PBXBuildFile; fileRef = 3AFDFD7B2712EAE40039F13D /* SearchViewController.swift */; };
		3AFDFD7E2712EAEE0039F13D /* LibraryViewController.swift in Sources */ = {isa = PBXBuildFile; fileRef = 3AFDFD7D2712EAEE0039F13D /* LibraryViewController.swift */; };
		3AFDFD812712EB030039F13D /* AuthViewController.swift in Sources */ = {isa = PBXBuildFile; fileRef = 3AFDFD802712EB030039F13D /* AuthViewController.swift */; };
		3AFDFD832712EB0C0039F13D /* WelcomeViewController.swift in Sources */ = {isa = PBXBuildFile; fileRef = 3AFDFD822712EB0B0039F13D /* WelcomeViewController.swift */; };
		3AFDFD852712EB170039F13D /* SettingsViewController.swift in Sources */ = {isa = PBXBuildFile; fileRef = 3AFDFD842712EB170039F13D /* SettingsViewController.swift */; };
		3AFDFD872712EB210039F13D /* ProfileViewController.swift in Sources */ = {isa = PBXBuildFile; fileRef = 3AFDFD862712EB210039F13D /* ProfileViewController.swift */; };
		3AFDFD892712EB290039F13D /* PlayerViewController.swift in Sources */ = {isa = PBXBuildFile; fileRef = 3AFDFD882712EB290039F13D /* PlayerViewController.swift */; };
		3AFDFD8B2712EB380039F13D /* PlaylistViewController.swift in Sources */ = {isa = PBXBuildFile; fileRef = 3AFDFD8A2712EB380039F13D /* PlaylistViewController.swift */; };
		3AFDFD8D2712EB4E0039F13D /* SearchResultsViewController.swift in Sources */ = {isa = PBXBuildFile; fileRef = 3AFDFD8C2712EB4E0039F13D /* SearchResultsViewController.swift */; };
		3AFDFD8F2712EB650039F13D /* AuthManager.swift in Sources */ = {isa = PBXBuildFile; fileRef = 3AFDFD8E2712EB650039F13D /* AuthManager.swift */; };
		3AFDFD912712EB700039F13D /* APICaller.swift in Sources */ = {isa = PBXBuildFile; fileRef = 3AFDFD902712EB700039F13D /* APICaller.swift */; };
		3AFDFD932712EB7F0039F13D /* HapticsManager.swift in Sources */ = {isa = PBXBuildFile; fileRef = 3AFDFD922712EB7F0039F13D /* HapticsManager.swift */; };
		3AFDFD952712EBA60039F13D /* Playlist.swift in Sources */ = {isa = PBXBuildFile; fileRef = 3AFDFD942712EBA60039F13D /* Playlist.swift */; };
		3AFDFD972712EBB00039F13D /* AudioTrack.swift in Sources */ = {isa = PBXBuildFile; fileRef = 3AFDFD962712EBB00039F13D /* AudioTrack.swift */; };
		3AFDFD992712EBBB0039F13D /* Artist.swift in Sources */ = {isa = PBXBuildFile; fileRef = 3AFDFD982712EBBB0039F13D /* Artist.swift */; };
		3AFDFD9B2712EBC30039F13D /* UserProfile.swift in Sources */ = {isa = PBXBuildFile; fileRef = 3AFDFD9A2712EBC30039F13D /* UserProfile.swift */; };
		3AFDFD9E2712EE9B0039F13D /* Extensions.swift in Sources */ = {isa = PBXBuildFile; fileRef = 3AFDFD9D2712EE9B0039F13D /* Extensions.swift */; };
		3AFDFDA0271318330039F13D /* AuthResponse.swift in Sources */ = {isa = PBXBuildFile; fileRef = 3AFDFD9F271318330039F13D /* AuthResponse.swift */; };
		3AFDFDA22713394A0039F13D /* Settings.swift in Sources */ = {isa = PBXBuildFile; fileRef = 3AFDFDA12713394A0039F13D /* Settings.swift */; };
		3AFDFDA427135EAB0039F13D /* NewReleasesResponse.swift in Sources */ = {isa = PBXBuildFile; fileRef = 3AFDFDA327135EAB0039F13D /* NewReleasesResponse.swift */; };
		3AFDFDA627135F830039F13D /* APIImage.swift in Sources */ = {isa = PBXBuildFile; fileRef = 3AFDFDA527135F830039F13D /* APIImage.swift */; };
		3AFDFDA8271361870039F13D /* FeaturedPlaylistsResponse.swift in Sources */ = {isa = PBXBuildFile; fileRef = 3AFDFDA7271361870039F13D /* FeaturedPlaylistsResponse.swift */; };
		3AFDFDAA271365E30039F13D /* RecommendationsResponse.swift in Sources */ = {isa = PBXBuildFile; fileRef = 3AFDFDA9271365E30039F13D /* RecommendationsResponse.swift */; };
		3AFDFDAE2713675A0039F13D /* RecommendedGenresResponse.swift in Sources */ = {isa = PBXBuildFile; fileRef = 3AFDFDAD2713675A0039F13D /* RecommendedGenresResponse.swift */; };
		3AFDFDB1271386770039F13D /* NewReleaseCollectionViewCell.swift in Sources */ = {isa = PBXBuildFile; fileRef = 3AFDFDB0271386770039F13D /* NewReleaseCollectionViewCell.swift */; };
		3AFDFDB32713869F0039F13D /* FeaturedPlaylistCollectionViewCell.swift in Sources */ = {isa = PBXBuildFile; fileRef = 3AFDFDB22713869F0039F13D /* FeaturedPlaylistCollectionViewCell.swift */; };
		3AFDFDB5271386D00039F13D /* RecommendedTrackCollectionViewCell.swift in Sources */ = {isa = PBXBuildFile; fileRef = 3AFDFDB4271386D00039F13D /* RecommendedTrackCollectionViewCell.swift */; };
		FC263896AA74ED28851C52D1 /* Pods_Spotify.framework in Frameworks */ = {isa = PBXBuildFile; fileRef = 44826F85F2E3E4435C2C91CA /* Pods_Spotify.framework */; };
/* End PBXBuildFile section */

/* Begin PBXFileReference section */
		3AA388D927244F55005C9DD6 /* GenreCollectionViewCell.swift */ = {isa = PBXFileReference; lastKnownFileType = sourcecode.swift; path = GenreCollectionViewCell.swift; sourceTree = "<group>"; };
		3AA388DB27245971005C9DD6 /* CategoriesResponse.swift */ = {isa = PBXFileReference; lastKnownFileType = sourcecode.swift; path = CategoriesResponse.swift; sourceTree = "<group>"; };
		3AA388DD27245FA6005C9DD6 /* CategoryCollectionViewCellModel.swift */ = {isa = PBXFileReference; lastKnownFileType = sourcecode.swift; path = CategoryCollectionViewCellModel.swift; sourceTree = "<group>"; };
		3AA388DF27246E7C005C9DD6 /* CategoryViewController.swift */ = {isa = PBXFileReference; lastKnownFileType = sourcecode.swift; path = CategoryViewController.swift; sourceTree = "<group>"; };
		3AA388E12725504C005C9DD6 /* PlaylistHeaderCollectionReusableView.swift */ = {isa = PBXFileReference; lastKnownFileType = sourcecode.swift; path = PlaylistHeaderCollectionReusableView.swift; sourceTree = "<group>"; };
		3AA388E3272553CF005C9DD6 /* PlaylistHeaderViewViewModel.swift */ = {isa = PBXFileReference; lastKnownFileType = sourcecode.swift; path = PlaylistHeaderViewViewModel.swift; sourceTree = "<group>"; };
		3AA388E527259637005C9DD6 /* TitleHeaderCollectionReusableView.swift */ = {isa = PBXFileReference; lastKnownFileType = sourcecode.swift; path = TitleHeaderCollectionReusableView.swift; sourceTree = "<group>"; };
		3AA388E727259D11005C9DD6 /* AlbumTrackCollectionViewCell.swift */ = {isa = PBXFileReference; lastKnownFileType = sourcecode.swift; path = AlbumTrackCollectionViewCell.swift; sourceTree = "<group>"; };
		3AA388E927259E87005C9DD6 /* AlbumCollectionViewCellViewModel.swift */ = {isa = PBXFileReference; lastKnownFileType = sourcecode.swift; path = AlbumCollectionViewCellViewModel.swift; sourceTree = "<group>"; };
		3AA388EB2725C001005C9DD6 /* SearchResultResponse.swift */ = {isa = PBXFileReference; lastKnownFileType = sourcecode.swift; path = SearchResultResponse.swift; sourceTree = "<group>"; };
		3AA388ED2725C39D005C9DD6 /* SearchResult.swift */ = {isa = PBXFileReference; lastKnownFileType = sourcecode.swift; path = SearchResult.swift; sourceTree = "<group>"; };
		3AB9FF11271608AF0051B41A /* AlbumViewController.swift */ = {isa = PBXFileReference; lastKnownFileType = sourcecode.swift; path = AlbumViewController.swift; sourceTree = "<group>"; };
		3AB9FF1327160D780051B41A /* AlbumDetailsResponse.swift */ = {isa = PBXFileReference; lastKnownFileType = sourcecode.swift; path = AlbumDetailsResponse.swift; sourceTree = "<group>"; };
		3AB9FF152716158B0051B41A /* PlaylistDetailsResponse.swift */ = {isa = PBXFileReference; lastKnownFileType = sourcecode.swift; path = PlaylistDetailsResponse.swift; sourceTree = "<group>"; };
		3ABD8F142714B3CB000BF470 /* NewReleasesCellViewModel.swift */ = {isa = PBXFileReference; lastKnownFileType = sourcecode.swift; path = NewReleasesCellViewModel.swift; sourceTree = "<group>"; };
		3ABD8F162714CB32000BF470 /* FeaturedPlaylistCellViewModel.swift */ = {isa = PBXFileReference; lastKnownFileType = sourcecode.swift; path = FeaturedPlaylistCellViewModel.swift; sourceTree = "<group>"; };
		3ABD8F182714CB98000BF470 /* RecommendedTrackCellViewModel.swift */ = {isa = PBXFileReference; lastKnownFileType = sourcecode.swift; path = RecommendedTrackCellViewModel.swift; sourceTree = "<group>"; };
		3ABE983E2728823400430776 /* SearchResultDefaultTableViewCell.swift */ = {isa = PBXFileReference; lastKnownFileType = sourcecode.swift; path = SearchResultDefaultTableViewCell.swift; sourceTree = "<group>"; };
		3ABE9840272884D000430776 /* SearchResultDefaultTableViewCellModel.swift */ = {isa = PBXFileReference; lastKnownFileType = sourcecode.swift; path = SearchResultDefaultTableViewCellModel.swift; sourceTree = "<group>"; };
		3AFDFD592712E7710039F13D /* Spotify.app */ = {isa = PBXFileReference; explicitFileType = wrapper.application; includeInIndex = 0; path = Spotify.app; sourceTree = BUILT_PRODUCTS_DIR; };
		3AFDFD5C2712E7710039F13D /* AppDelegate.swift */ = {isa = PBXFileReference; lastKnownFileType = sourcecode.swift; path = AppDelegate.swift; sourceTree = "<group>"; };
		3AFDFD5E2712E7710039F13D /* SceneDelegate.swift */ = {isa = PBXFileReference; lastKnownFileType = sourcecode.swift; path = SceneDelegate.swift; sourceTree = "<group>"; };
		3AFDFD652712E7740039F13D /* Assets.xcassets */ = {isa = PBXFileReference; lastKnownFileType = folder.assetcatalog; path = Assets.xcassets; sourceTree = "<group>"; };
		3AFDFD682712E7740039F13D /* Base */ = {isa = PBXFileReference; lastKnownFileType = file.storyboard; name = Base; path = Base.lproj/LaunchScreen.storyboard; sourceTree = "<group>"; };
		3AFDFD6A2712E7740039F13D /* Info.plist */ = {isa = PBXFileReference; lastKnownFileType = text.plist.xml; path = Info.plist; sourceTree = "<group>"; };
		3AFDFD772712EABF0039F13D /* TabBarViewController.swift */ = {isa = PBXFileReference; lastKnownFileType = sourcecode.swift; path = TabBarViewController.swift; sourceTree = "<group>"; };
		3AFDFD792712EAD90039F13D /* HomeViewController.swift */ = {isa = PBXFileReference; lastKnownFileType = sourcecode.swift; path = HomeViewController.swift; sourceTree = "<group>"; };
		3AFDFD7B2712EAE40039F13D /* SearchViewController.swift */ = {isa = PBXFileReference; lastKnownFileType = sourcecode.swift; path = SearchViewController.swift; sourceTree = "<group>"; };
		3AFDFD7D2712EAEE0039F13D /* LibraryViewController.swift */ = {isa = PBXFileReference; lastKnownFileType = sourcecode.swift; path = LibraryViewController.swift; sourceTree = "<group>"; };
		3AFDFD802712EB030039F13D /* AuthViewController.swift */ = {isa = PBXFileReference; lastKnownFileType = sourcecode.swift; path = AuthViewController.swift; sourceTree = "<group>"; };
		3AFDFD822712EB0B0039F13D /* WelcomeViewController.swift */ = {isa = PBXFileReference; lastKnownFileType = sourcecode.swift; path = WelcomeViewController.swift; sourceTree = "<group>"; };
		3AFDFD842712EB170039F13D /* SettingsViewController.swift */ = {isa = PBXFileReference; lastKnownFileType = sourcecode.swift; path = SettingsViewController.swift; sourceTree = "<group>"; };
		3AFDFD862712EB210039F13D /* ProfileViewController.swift */ = {isa = PBXFileReference; lastKnownFileType = sourcecode.swift; path = ProfileViewController.swift; sourceTree = "<group>"; };
		3AFDFD882712EB290039F13D /* PlayerViewController.swift */ = {isa = PBXFileReference; lastKnownFileType = sourcecode.swift; path = PlayerViewController.swift; sourceTree = "<group>"; };
		3AFDFD8A2712EB380039F13D /* PlaylistViewController.swift */ = {isa = PBXFileReference; lastKnownFileType = sourcecode.swift; path = PlaylistViewController.swift; sourceTree = "<group>"; };
		3AFDFD8C2712EB4E0039F13D /* SearchResultsViewController.swift */ = {isa = PBXFileReference; lastKnownFileType = sourcecode.swift; path = SearchResultsViewController.swift; sourceTree = "<group>"; };
		3AFDFD8E2712EB650039F13D /* AuthManager.swift */ = {isa = PBXFileReference; lastKnownFileType = sourcecode.swift; path = AuthManager.swift; sourceTree = "<group>"; };
		3AFDFD902712EB700039F13D /* APICaller.swift */ = {isa = PBXFileReference; lastKnownFileType = sourcecode.swift; path = APICaller.swift; sourceTree = "<group>"; };
		3AFDFD922712EB7F0039F13D /* HapticsManager.swift */ = {isa = PBXFileReference; lastKnownFileType = sourcecode.swift; path = HapticsManager.swift; sourceTree = "<group>"; };
		3AFDFD942712EBA60039F13D /* Playlist.swift */ = {isa = PBXFileReference; lastKnownFileType = sourcecode.swift; path = Playlist.swift; sourceTree = "<group>"; };
		3AFDFD962712EBB00039F13D /* AudioTrack.swift */ = {isa = PBXFileReference; lastKnownFileType = sourcecode.swift; path = AudioTrack.swift; sourceTree = "<group>"; };
		3AFDFD982712EBBB0039F13D /* Artist.swift */ = {isa = PBXFileReference; lastKnownFileType = sourcecode.swift; path = Artist.swift; sourceTree = "<group>"; };
		3AFDFD9A2712EBC30039F13D /* UserProfile.swift */ = {isa = PBXFileReference; lastKnownFileType = sourcecode.swift; path = UserProfile.swift; sourceTree = "<group>"; };
		3AFDFD9D2712EE9B0039F13D /* Extensions.swift */ = {isa = PBXFileReference; lastKnownFileType = sourcecode.swift; path = Extensions.swift; sourceTree = "<group>"; };
		3AFDFD9F271318330039F13D /* AuthResponse.swift */ = {isa = PBXFileReference; lastKnownFileType = sourcecode.swift; path = AuthResponse.swift; sourceTree = "<group>"; };
		3AFDFDA12713394A0039F13D /* Settings.swift */ = {isa = PBXFileReference; lastKnownFileType = sourcecode.swift; path = Settings.swift; sourceTree = "<group>"; };
		3AFDFDA327135EAB0039F13D /* NewReleasesResponse.swift */ = {isa = PBXFileReference; lastKnownFileType = sourcecode.swift; path = NewReleasesResponse.swift; sourceTree = "<group>"; };
		3AFDFDA527135F830039F13D /* APIImage.swift */ = {isa = PBXFileReference; lastKnownFileType = sourcecode.swift; path = APIImage.swift; sourceTree = "<group>"; };
		3AFDFDA7271361870039F13D /* FeaturedPlaylistsResponse.swift */ = {isa = PBXFileReference; lastKnownFileType = sourcecode.swift; path = FeaturedPlaylistsResponse.swift; sourceTree = "<group>"; };
		3AFDFDA9271365E30039F13D /* RecommendationsResponse.swift */ = {isa = PBXFileReference; lastKnownFileType = sourcecode.swift; path = RecommendationsResponse.swift; sourceTree = "<group>"; };
		3AFDFDAD2713675A0039F13D /* RecommendedGenresResponse.swift */ = {isa = PBXFileReference; lastKnownFileType = sourcecode.swift; path = RecommendedGenresResponse.swift; sourceTree = "<group>"; };
		3AFDFDB0271386770039F13D /* NewReleaseCollectionViewCell.swift */ = {isa = PBXFileReference; lastKnownFileType = sourcecode.swift; path = NewReleaseCollectionViewCell.swift; sourceTree = "<group>"; };
		3AFDFDB22713869F0039F13D /* FeaturedPlaylistCollectionViewCell.swift */ = {isa = PBXFileReference; lastKnownFileType = sourcecode.swift; path = FeaturedPlaylistCollectionViewCell.swift; sourceTree = "<group>"; };
		3AFDFDB4271386D00039F13D /* RecommendedTrackCollectionViewCell.swift */ = {isa = PBXFileReference; lastKnownFileType = sourcecode.swift; path = RecommendedTrackCollectionViewCell.swift; sourceTree = "<group>"; };
		44826F85F2E3E4435C2C91CA /* Pods_Spotify.framework */ = {isa = PBXFileReference; explicitFileType = wrapper.framework; includeInIndex = 0; path = Pods_Spotify.framework; sourceTree = BUILT_PRODUCTS_DIR; };
		7947F21D6A97D58829E50008 /* Pods-Spotify.debug.xcconfig */ = {isa = PBXFileReference; includeInIndex = 1; lastKnownFileType = text.xcconfig; name = "Pods-Spotify.debug.xcconfig"; path = "Target Support Files/Pods-Spotify/Pods-Spotify.debug.xcconfig"; sourceTree = "<group>"; };
		F8DD6CB3E1708229E1E061A0 /* Pods-Spotify.release.xcconfig */ = {isa = PBXFileReference; includeInIndex = 1; lastKnownFileType = text.xcconfig; name = "Pods-Spotify.release.xcconfig"; path = "Target Support Files/Pods-Spotify/Pods-Spotify.release.xcconfig"; sourceTree = "<group>"; };
/* End PBXFileReference section */

/* Begin PBXFrameworksBuildPhase section */
		3AFDFD562712E7710039F13D /* Frameworks */ = {
			isa = PBXFrameworksBuildPhase;
			buildActionMask = 2147483647;
			files = (
				FC263896AA74ED28851C52D1 /* Pods_Spotify.framework in Frameworks */,
			);
			runOnlyForDeploymentPostprocessing = 0;
		};
/* End PBXFrameworksBuildPhase section */

/* Begin PBXGroup section */
		3ABE983D2728820B00430776 /* SearchResultCells */ = {
			isa = PBXGroup;
			children = (
				3ABE983E2728823400430776 /* SearchResultDefaultTableViewCell.swift */,
			);
			path = SearchResultCells;
			sourceTree = "<group>";
		};
		3AFDFD502712E7710039F13D = {
			isa = PBXGroup;
			children = (
				3AFDFD5B2712E7710039F13D /* Spotify */,
				3AFDFD5A2712E7710039F13D /* Products */,
				ED1149B4366D72E7C7CCA3C1 /* Pods */,
				749123CCF81F38CE0C6C011B /* Frameworks */,
			);
			sourceTree = "<group>";
		};
		3AFDFD5A2712E7710039F13D /* Products */ = {
			isa = PBXGroup;
			children = (
				3AFDFD592712E7710039F13D /* Spotify.app */,
			);
			name = Products;
			sourceTree = "<group>";
		};
		3AFDFD5B2712E7710039F13D /* Spotify */ = {
			isa = PBXGroup;
			children = (
				3AFDFD9C2712EE800039F13D /* Utils */,
				3AFDFD702712E8A20039F13D /* Resources */,
				3AFDFD752712E8D40039F13D /* Managers */,
				3AFDFD742712E8CB0039F13D /* ViewModels */,
				3AFDFD732712E8C20039F13D /* Controllers */,
				3AFDFD712712E8AE0039F13D /* Views */,
				3AFDFD722712E8B50039F13D /* Models */,
				3AFDFD6A2712E7740039F13D /* Info.plist */,
			);
			path = Spotify;
			sourceTree = "<group>";
		};
		3AFDFD702712E8A20039F13D /* Resources */ = {
			isa = PBXGroup;
			children = (
				3AFDFD5C2712E7710039F13D /* AppDelegate.swift */,
				3AFDFD5E2712E7710039F13D /* SceneDelegate.swift */,
				3AFDFD652712E7740039F13D /* Assets.xcassets */,
			);
			path = Resources;
			sourceTree = "<group>";
		};
		3AFDFD712712E8AE0039F13D /* Views */ = {
			isa = PBXGroup;
			children = (
				3ABE983D2728820B00430776 /* SearchResultCells */,
				3AFDFDAF2713865A0039F13D /* Browse */,
				3AFDFD672712E7740039F13D /* LaunchScreen.storyboard */,
				3AA388D927244F55005C9DD6 /* GenreCollectionViewCell.swift */,
				3AA388E12725504C005C9DD6 /* PlaylistHeaderCollectionReusableView.swift */,
				3AA388E727259D11005C9DD6 /* AlbumTrackCollectionViewCell.swift */,
			);
			path = Views;
			sourceTree = "<group>";
		};
		3AFDFD722712E8B50039F13D /* Models */ = {
			isa = PBXGroup;
			children = (
				3AFDFD942712EBA60039F13D /* Playlist.swift */,
				3AFDFD962712EBB00039F13D /* AudioTrack.swift */,
				3AFDFDA7271361870039F13D /* FeaturedPlaylistsResponse.swift */,
				3AFDFD982712EBBB0039F13D /* Artist.swift */,
				3AFDFDAD2713675A0039F13D /* RecommendedGenresResponse.swift */,
				3AB9FF152716158B0051B41A /* PlaylistDetailsResponse.swift */,
				3AFDFD9A2712EBC30039F13D /* UserProfile.swift */,
				3AFDFD9F271318330039F13D /* AuthResponse.swift */,
				3AFDFDA327135EAB0039F13D /* NewReleasesResponse.swift */,
				3AB9FF1327160D780051B41A /* AlbumDetailsResponse.swift */,
				3AFDFDA12713394A0039F13D /* Settings.swift */,
				3AFDFDA527135F830039F13D /* APIImage.swift */,
				3AFDFDA9271365E30039F13D /* RecommendationsResponse.swift */,
				3AA388DB27245971005C9DD6 /* CategoriesResponse.swift */,
				3AA388EB2725C001005C9DD6 /* SearchResultResponse.swift */,
				3AA388ED2725C39D005C9DD6 /* SearchResult.swift */,
			);
			path = Models;
			sourceTree = "<group>";
		};
		3AFDFD732712E8C20039F13D /* Controllers */ = {
			isa = PBXGroup;
			children = (
				3AFDFD7F2712EAF10039F13D /* Other */,
				3AFDFD762712EA9C0039F13D /* Core */,
			);
			path = Controllers;
			sourceTree = "<group>";
		};
		3AFDFD742712E8CB0039F13D /* ViewModels */ = {
			isa = PBXGroup;
			children = (
				3ABD8F142714B3CB000BF470 /* NewReleasesCellViewModel.swift */,
				3ABD8F162714CB32000BF470 /* FeaturedPlaylistCellViewModel.swift */,
				3ABD8F182714CB98000BF470 /* RecommendedTrackCellViewModel.swift */,
				3AA388E927259E87005C9DD6 /* AlbumCollectionViewCellViewModel.swift */,
				3AA388DD27245FA6005C9DD6 /* CategoryCollectionViewCellModel.swift */,
				3AA388E3272553CF005C9DD6 /* PlaylistHeaderViewViewModel.swift */,
				3ABE9840272884D000430776 /* SearchResultDefaultTableViewCellModel.swift */,
			);
			path = ViewModels;
			sourceTree = "<group>";
		};
		3AFDFD752712E8D40039F13D /* Managers */ = {
			isa = PBXGroup;
			children = (
				3AFDFD8E2712EB650039F13D /* AuthManager.swift */,
				3AFDFD902712EB700039F13D /* APICaller.swift */,
				3AFDFD922712EB7F0039F13D /* HapticsManager.swift */,
			);
			path = Managers;
			sourceTree = "<group>";
		};
		3AFDFD762712EA9C0039F13D /* Core */ = {
			isa = PBXGroup;
			children = (
				3AFDFD772712EABF0039F13D /* TabBarViewController.swift */,
				3AFDFD792712EAD90039F13D /* HomeViewController.swift */,
				3AA388E527259637005C9DD6 /* TitleHeaderCollectionReusableView.swift */,
				3AFDFD7B2712EAE40039F13D /* SearchViewController.swift */,
				3AFDFD7D2712EAEE0039F13D /* LibraryViewController.swift */,
			);
			path = Core;
			sourceTree = "<group>";
		};
		3AFDFD7F2712EAF10039F13D /* Other */ = {
			isa = PBXGroup;
			children = (
				3AFDFD802712EB030039F13D /* AuthViewController.swift */,
				3AFDFD822712EB0B0039F13D /* WelcomeViewController.swift */,
				3AFDFD842712EB170039F13D /* SettingsViewController.swift */,
				3AFDFD862712EB210039F13D /* ProfileViewController.swift */,
				3AFDFD882712EB290039F13D /* PlayerViewController.swift */,
				3AFDFD8A2712EB380039F13D /* PlaylistViewController.swift */,
				3AFDFD8C2712EB4E0039F13D /* SearchResultsViewController.swift */,
				3AB9FF11271608AF0051B41A /* AlbumViewController.swift */,
				3AA388DF27246E7C005C9DD6 /* CategoryViewController.swift */,
			);
			path = Other;
			sourceTree = "<group>";
		};
		3AFDFD9C2712EE800039F13D /* Utils */ = {
			isa = PBXGroup;
			children = (
				3AFDFD9D2712EE9B0039F13D /* Extensions.swift */,
			);
			path = Utils;
			sourceTree = "<group>";
		};
		3AFDFDAF2713865A0039F13D /* Browse */ = {
			isa = PBXGroup;
			children = (
				3AFDFDB0271386770039F13D /* NewReleaseCollectionViewCell.swift */,
				3AFDFDB22713869F0039F13D /* FeaturedPlaylistCollectionViewCell.swift */,
				3AFDFDB4271386D00039F13D /* RecommendedTrackCollectionViewCell.swift */,
			);
			path = Browse;
			sourceTree = "<group>";
		};
		749123CCF81F38CE0C6C011B /* Frameworks */ = {
			isa = PBXGroup;
			children = (
				44826F85F2E3E4435C2C91CA /* Pods_Spotify.framework */,
			);
			name = Frameworks;
			sourceTree = "<group>";
		};
		ED1149B4366D72E7C7CCA3C1 /* Pods */ = {
			isa = PBXGroup;
			children = (
				7947F21D6A97D58829E50008 /* Pods-Spotify.debug.xcconfig */,
				F8DD6CB3E1708229E1E061A0 /* Pods-Spotify.release.xcconfig */,
			);
			path = Pods;
			sourceTree = "<group>";
		};
/* End PBXGroup section */

/* Begin PBXNativeTarget section */
		3AFDFD582712E7710039F13D /* Spotify */ = {
			isa = PBXNativeTarget;
			buildConfigurationList = 3AFDFD6D2712E7740039F13D /* Build configuration list for PBXNativeTarget "Spotify" */;
			buildPhases = (
				38F4BE022CA74E7119504E86 /* [CP] Check Pods Manifest.lock */,
				3AFDFD552712E7710039F13D /* Sources */,
				3AFDFD562712E7710039F13D /* Frameworks */,
				3AFDFD572712E7710039F13D /* Resources */,
				33A07D02F3342D175097821B /* [CP] Embed Pods Frameworks */,
			);
			buildRules = (
			);
			dependencies = (
			);
			name = Spotify;
			productName = Spotify;
			productReference = 3AFDFD592712E7710039F13D /* Spotify.app */;
			productType = "com.apple.product-type.application";
		};
/* End PBXNativeTarget section */

/* Begin PBXProject section */
		3AFDFD512712E7710039F13D /* Project object */ = {
			isa = PBXProject;
			attributes = {
				LastSwiftUpdateCheck = 1250;
				LastUpgradeCheck = 1250;
				TargetAttributes = {
					3AFDFD582712E7710039F13D = {
						CreatedOnToolsVersion = 12.5;
					};
				};
			};
			buildConfigurationList = 3AFDFD542712E7710039F13D /* Build configuration list for PBXProject "Spotify" */;
			compatibilityVersion = "Xcode 9.3";
			developmentRegion = en;
			hasScannedForEncodings = 0;
			knownRegions = (
				en,
				Base,
			);
			mainGroup = 3AFDFD502712E7710039F13D;
			productRefGroup = 3AFDFD5A2712E7710039F13D /* Products */;
			projectDirPath = "";
			projectRoot = "";
			targets = (
				3AFDFD582712E7710039F13D /* Spotify */,
			);
		};
/* End PBXProject section */

/* Begin PBXResourcesBuildPhase section */
		3AFDFD572712E7710039F13D /* Resources */ = {
			isa = PBXResourcesBuildPhase;
			buildActionMask = 2147483647;
			files = (
				3AFDFD692712E7740039F13D /* LaunchScreen.storyboard in Resources */,
				3AFDFD662712E7740039F13D /* Assets.xcassets in Resources */,
			);
			runOnlyForDeploymentPostprocessing = 0;
		};
/* End PBXResourcesBuildPhase section */

/* Begin PBXShellScriptBuildPhase section */
		33A07D02F3342D175097821B /* [CP] Embed Pods Frameworks */ = {
			isa = PBXShellScriptBuildPhase;
			buildActionMask = 2147483647;
			files = (
			);
			inputFileListPaths = (
				"${PODS_ROOT}/Target Support Files/Pods-Spotify/Pods-Spotify-frameworks-${CONFIGURATION}-input-files.xcfilelist",
			);
			name = "[CP] Embed Pods Frameworks";
			outputFileListPaths = (
				"${PODS_ROOT}/Target Support Files/Pods-Spotify/Pods-Spotify-frameworks-${CONFIGURATION}-output-files.xcfilelist",
			);
			runOnlyForDeploymentPostprocessing = 0;
			shellPath = /bin/sh;
			shellScript = "\"${PODS_ROOT}/Target Support Files/Pods-Spotify/Pods-Spotify-frameworks.sh\"\n";
			showEnvVarsInLog = 0;
		};
		38F4BE022CA74E7119504E86 /* [CP] Check Pods Manifest.lock */ = {
			isa = PBXShellScriptBuildPhase;
			buildActionMask = 2147483647;
			files = (
			);
			inputFileListPaths = (
			);
			inputPaths = (
				"${PODS_PODFILE_DIR_PATH}/Podfile.lock",
				"${PODS_ROOT}/Manifest.lock",
			);
			name = "[CP] Check Pods Manifest.lock";
			outputFileListPaths = (
			);
			outputPaths = (
				"$(DERIVED_FILE_DIR)/Pods-Spotify-checkManifestLockResult.txt",
			);
			runOnlyForDeploymentPostprocessing = 0;
			shellPath = /bin/sh;
			shellScript = "diff \"${PODS_PODFILE_DIR_PATH}/Podfile.lock\" \"${PODS_ROOT}/Manifest.lock\" > /dev/null\nif [ $? != 0 ] ; then\n    # print error to STDERR\n    echo \"error: The sandbox is not in sync with the Podfile.lock. Run 'pod install' or update your CocoaPods installation.\" >&2\n    exit 1\nfi\n# This output is used by Xcode 'outputs' to avoid re-running this script phase.\necho \"SUCCESS\" > \"${SCRIPT_OUTPUT_FILE_0}\"\n";
			showEnvVarsInLog = 0;
		};
/* End PBXShellScriptBuildPhase section */

/* Begin PBXSourcesBuildPhase section */
		3AFDFD552712E7710039F13D /* Sources */ = {
			isa = PBXSourcesBuildPhase;
			buildActionMask = 2147483647;
			files = (
				3AFDFD832712EB0C0039F13D /* WelcomeViewController.swift in Sources */,
				3AA388E827259D11005C9DD6 /* AlbumTrackCollectionViewCell.swift in Sources */,
				3AB9FF162716158B0051B41A /* PlaylistDetailsResponse.swift in Sources */,
				3AA388EC2725C001005C9DD6 /* SearchResultResponse.swift in Sources */,
				3AA388E22725504C005C9DD6 /* PlaylistHeaderCollectionReusableView.swift in Sources */,
				3AFDFD972712EBB00039F13D /* AudioTrack.swift in Sources */,
				3AFDFD9B2712EBC30039F13D /* UserProfile.swift in Sources */,
				3ABD8F152714B3CB000BF470 /* NewReleasesCellViewModel.swift in Sources */,
				3ABD8F192714CB98000BF470 /* RecommendedTrackCellViewModel.swift in Sources */,
				3AA388E027246E7C005C9DD6 /* CategoryViewController.swift in Sources */,
				3AA388E4272553CF005C9DD6 /* PlaylistHeaderViewViewModel.swift in Sources */,
				3AFDFD7C2712EAE40039F13D /* SearchViewController.swift in Sources */,
				3AB9FF12271608AF0051B41A /* AlbumViewController.swift in Sources */,
				3ABD8F172714CB32000BF470 /* FeaturedPlaylistCellViewModel.swift in Sources */,
				3AFDFDA627135F830039F13D /* APIImage.swift in Sources */,
				3AFDFD7A2712EAD90039F13D /* HomeViewController.swift in Sources */,
				3AFDFD852712EB170039F13D /* SettingsViewController.swift in Sources */,
				3AA388DA27244F55005C9DD6 /* GenreCollectionViewCell.swift in Sources */,
				3ABE983F2728823400430776 /* SearchResultDefaultTableViewCell.swift in Sources */,
				3AFDFD8F2712EB650039F13D /* AuthManager.swift in Sources */,
				3AFDFDB5271386D00039F13D /* RecommendedTrackCollectionViewCell.swift in Sources */,
				3AFDFD8B2712EB380039F13D /* PlaylistViewController.swift in Sources */,
				3AFDFDAE2713675A0039F13D /* RecommendedGenresResponse.swift in Sources */,
				3AFDFDA22713394A0039F13D /* Settings.swift in Sources */,
				3AFDFDA427135EAB0039F13D /* NewReleasesResponse.swift in Sources */,
				3AFDFDA0271318330039F13D /* AuthResponse.swift in Sources */,
				3AFDFD8D2712EB4E0039F13D /* SearchResultsViewController.swift in Sources */,
				3AFDFDB1271386770039F13D /* NewReleaseCollectionViewCell.swift in Sources */,
				3AFDFD912712EB700039F13D /* APICaller.swift in Sources */,
				3AFDFDB32713869F0039F13D /* FeaturedPlaylistCollectionViewCell.swift in Sources */,
				3AFDFD932712EB7F0039F13D /* HapticsManager.swift in Sources */,
				3AFDFD782712EABF0039F13D /* TabBarViewController.swift in Sources */,
				3AFDFD892712EB290039F13D /* PlayerViewController.swift in Sources */,
				3AA388DC27245971005C9DD6 /* CategoriesResponse.swift in Sources */,
				3AA388E627259637005C9DD6 /* TitleHeaderCollectionReusableView.swift in Sources */,
				3AA388EE2725C39D005C9DD6 /* SearchResult.swift in Sources */,
				3ABE9841272884D000430776 /* SearchResultDefaultTableViewCellModel.swift in Sources */,
				3AFDFDAA271365E30039F13D /* RecommendationsResponse.swift in Sources */,
				3AFDFD9E2712EE9B0039F13D /* Extensions.swift in Sources */,
				3AA388EA27259E87005C9DD6 /* AlbumCollectionViewCellViewModel.swift in Sources */,
				3AFDFD952712EBA60039F13D /* Playlist.swift in Sources */,
				3AFDFD872712EB210039F13D /* ProfileViewController.swift in Sources */,
				3AFDFD812712EB030039F13D /* AuthViewController.swift in Sources */,
				3AFDFD7E2712EAEE0039F13D /* LibraryViewController.swift in Sources */,
				3AB9FF1427160D780051B41A /* AlbumDetailsResponse.swift in Sources */,
				3AFDFD5D2712E7710039F13D /* AppDelegate.swift in Sources */,
				3AFDFDA8271361870039F13D /* FeaturedPlaylistsResponse.swift in Sources */,
				3AFDFD992712EBBB0039F13D /* Artist.swift in Sources */,
				3AA388DE27245FA6005C9DD6 /* CategoryCollectionViewCellModel.swift in Sources */,
				3AFDFD5F2712E7710039F13D /* SceneDelegate.swift in Sources */,
			);
			runOnlyForDeploymentPostprocessing = 0;
		};
/* End PBXSourcesBuildPhase section */

/* Begin PBXVariantGroup section */
		3AFDFD672712E7740039F13D /* LaunchScreen.storyboard */ = {
			isa = PBXVariantGroup;
			children = (
				3AFDFD682712E7740039F13D /* Base */,
			);
			name = LaunchScreen.storyboard;
			sourceTree = "<group>";
		};
/* End PBXVariantGroup section */

/* Begin XCBuildConfiguration section */
		3AFDFD6B2712E7740039F13D /* Debug */ = {
			isa = XCBuildConfiguration;
			buildSettings = {
				ALWAYS_SEARCH_USER_PATHS = NO;
				CLANG_ANALYZER_NONNULL = YES;
				CLANG_ANALYZER_NUMBER_OBJECT_CONVERSION = YES_AGGRESSIVE;
				CLANG_CXX_LANGUAGE_STANDARD = "gnu++14";
				CLANG_CXX_LIBRARY = "libc++";
				CLANG_ENABLE_MODULES = YES;
				CLANG_ENABLE_OBJC_ARC = YES;
				CLANG_ENABLE_OBJC_WEAK = YES;
				CLANG_WARN_BLOCK_CAPTURE_AUTORELEASING = YES;
				CLANG_WARN_BOOL_CONVERSION = YES;
				CLANG_WARN_COMMA = YES;
				CLANG_WARN_CONSTANT_CONVERSION = YES;
				CLANG_WARN_DEPRECATED_OBJC_IMPLEMENTATIONS = YES;
				CLANG_WARN_DIRECT_OBJC_ISA_USAGE = YES_ERROR;
				CLANG_WARN_DOCUMENTATION_COMMENTS = YES;
				CLANG_WARN_EMPTY_BODY = YES;
				CLANG_WARN_ENUM_CONVERSION = YES;
				CLANG_WARN_INFINITE_RECURSION = YES;
				CLANG_WARN_INT_CONVERSION = YES;
				CLANG_WARN_NON_LITERAL_NULL_CONVERSION = YES;
				CLANG_WARN_OBJC_IMPLICIT_RETAIN_SELF = YES;
				CLANG_WARN_OBJC_LITERAL_CONVERSION = YES;
				CLANG_WARN_OBJC_ROOT_CLASS = YES_ERROR;
				CLANG_WARN_QUOTED_INCLUDE_IN_FRAMEWORK_HEADER = YES;
				CLANG_WARN_RANGE_LOOP_ANALYSIS = YES;
				CLANG_WARN_STRICT_PROTOTYPES = YES;
				CLANG_WARN_SUSPICIOUS_MOVE = YES;
				CLANG_WARN_UNGUARDED_AVAILABILITY = YES_AGGRESSIVE;
				CLANG_WARN_UNREACHABLE_CODE = YES;
				CLANG_WARN__DUPLICATE_METHOD_MATCH = YES;
				COPY_PHASE_STRIP = NO;
				DEBUG_INFORMATION_FORMAT = dwarf;
				ENABLE_STRICT_OBJC_MSGSEND = YES;
				ENABLE_TESTABILITY = YES;
				GCC_C_LANGUAGE_STANDARD = gnu11;
				GCC_DYNAMIC_NO_PIC = NO;
				GCC_NO_COMMON_BLOCKS = YES;
				GCC_OPTIMIZATION_LEVEL = 0;
				GCC_PREPROCESSOR_DEFINITIONS = (
					"DEBUG=1",
					"$(inherited)",
				);
				GCC_WARN_64_TO_32_BIT_CONVERSION = YES;
				GCC_WARN_ABOUT_RETURN_TYPE = YES_ERROR;
				GCC_WARN_UNDECLARED_SELECTOR = YES;
				GCC_WARN_UNINITIALIZED_AUTOS = YES_AGGRESSIVE;
				GCC_WARN_UNUSED_FUNCTION = YES;
				GCC_WARN_UNUSED_VARIABLE = YES;
				IPHONEOS_DEPLOYMENT_TARGET = 14.5;
				MTL_ENABLE_DEBUG_INFO = INCLUDE_SOURCE;
				MTL_FAST_MATH = YES;
				ONLY_ACTIVE_ARCH = YES;
				SDKROOT = iphoneos;
				SWIFT_ACTIVE_COMPILATION_CONDITIONS = DEBUG;
				SWIFT_OPTIMIZATION_LEVEL = "-Onone";
			};
			name = Debug;
		};
		3AFDFD6C2712E7740039F13D /* Release */ = {
			isa = XCBuildConfiguration;
			buildSettings = {
				ALWAYS_SEARCH_USER_PATHS = NO;
				CLANG_ANALYZER_NONNULL = YES;
				CLANG_ANALYZER_NUMBER_OBJECT_CONVERSION = YES_AGGRESSIVE;
				CLANG_CXX_LANGUAGE_STANDARD = "gnu++14";
				CLANG_CXX_LIBRARY = "libc++";
				CLANG_ENABLE_MODULES = YES;
				CLANG_ENABLE_OBJC_ARC = YES;
				CLANG_ENABLE_OBJC_WEAK = YES;
				CLANG_WARN_BLOCK_CAPTURE_AUTORELEASING = YES;
				CLANG_WARN_BOOL_CONVERSION = YES;
				CLANG_WARN_COMMA = YES;
				CLANG_WARN_CONSTANT_CONVERSION = YES;
				CLANG_WARN_DEPRECATED_OBJC_IMPLEMENTATIONS = YES;
				CLANG_WARN_DIRECT_OBJC_ISA_USAGE = YES_ERROR;
				CLANG_WARN_DOCUMENTATION_COMMENTS = YES;
				CLANG_WARN_EMPTY_BODY = YES;
				CLANG_WARN_ENUM_CONVERSION = YES;
				CLANG_WARN_INFINITE_RECURSION = YES;
				CLANG_WARN_INT_CONVERSION = YES;
				CLANG_WARN_NON_LITERAL_NULL_CONVERSION = YES;
				CLANG_WARN_OBJC_IMPLICIT_RETAIN_SELF = YES;
				CLANG_WARN_OBJC_LITERAL_CONVERSION = YES;
				CLANG_WARN_OBJC_ROOT_CLASS = YES_ERROR;
				CLANG_WARN_QUOTED_INCLUDE_IN_FRAMEWORK_HEADER = YES;
				CLANG_WARN_RANGE_LOOP_ANALYSIS = YES;
				CLANG_WARN_STRICT_PROTOTYPES = YES;
				CLANG_WARN_SUSPICIOUS_MOVE = YES;
				CLANG_WARN_UNGUARDED_AVAILABILITY = YES_AGGRESSIVE;
				CLANG_WARN_UNREACHABLE_CODE = YES;
				CLANG_WARN__DUPLICATE_METHOD_MATCH = YES;
				COPY_PHASE_STRIP = NO;
				DEBUG_INFORMATION_FORMAT = "dwarf-with-dsym";
				ENABLE_NS_ASSERTIONS = NO;
				ENABLE_STRICT_OBJC_MSGSEND = YES;
				GCC_C_LANGUAGE_STANDARD = gnu11;
				GCC_NO_COMMON_BLOCKS = YES;
				GCC_WARN_64_TO_32_BIT_CONVERSION = YES;
				GCC_WARN_ABOUT_RETURN_TYPE = YES_ERROR;
				GCC_WARN_UNDECLARED_SELECTOR = YES;
				GCC_WARN_UNINITIALIZED_AUTOS = YES_AGGRESSIVE;
				GCC_WARN_UNUSED_FUNCTION = YES;
				GCC_WARN_UNUSED_VARIABLE = YES;
				IPHONEOS_DEPLOYMENT_TARGET = 14.5;
				MTL_ENABLE_DEBUG_INFO = NO;
				MTL_FAST_MATH = YES;
				SDKROOT = iphoneos;
				SWIFT_COMPILATION_MODE = wholemodule;
				SWIFT_OPTIMIZATION_LEVEL = "-O";
				VALIDATE_PRODUCT = YES;
			};
			name = Release;
		};
		3AFDFD6E2712E7740039F13D /* Debug */ = {
			isa = XCBuildConfiguration;
			baseConfigurationReference = 7947F21D6A97D58829E50008 /* Pods-Spotify.debug.xcconfig */;
			buildSettings = {
				ASSETCATALOG_COMPILER_APPICON_NAME = AppIcon;
				ASSETCATALOG_COMPILER_GLOBAL_ACCENT_COLOR_NAME = AccentColor;
				CODE_SIGN_STYLE = Automatic;
				DEVELOPMENT_TEAM = LA6UVK37L2;
				INFOPLIST_FILE = Spotify/Info.plist;
				LD_RUNPATH_SEARCH_PATHS = (
					"$(inherited)",
					"@executable_path/Frameworks",
				);
				PRODUCT_BUNDLE_IDENTIFIER = jsx.anton.Spotify;
				PRODUCT_NAME = "$(TARGET_NAME)";
				SWIFT_VERSION = 5.0;
				TARGETED_DEVICE_FAMILY = "1,2";
			};
			name = Debug;
		};
		3AFDFD6F2712E7740039F13D /* Release */ = {
			isa = XCBuildConfiguration;
			baseConfigurationReference = F8DD6CB3E1708229E1E061A0 /* Pods-Spotify.release.xcconfig */;
			buildSettings = {
				ASSETCATALOG_COMPILER_APPICON_NAME = AppIcon;
				ASSETCATALOG_COMPILER_GLOBAL_ACCENT_COLOR_NAME = AccentColor;
				CODE_SIGN_STYLE = Automatic;
				DEVELOPMENT_TEAM = LA6UVK37L2;
				INFOPLIST_FILE = Spotify/Info.plist;
				LD_RUNPATH_SEARCH_PATHS = (
					"$(inherited)",
					"@executable_path/Frameworks",
				);
				PRODUCT_BUNDLE_IDENTIFIER = jsx.anton.Spotify;
				PRODUCT_NAME = "$(TARGET_NAME)";
				SWIFT_VERSION = 5.0;
				TARGETED_DEVICE_FAMILY = "1,2";
			};
			name = Release;
		};
/* End XCBuildConfiguration section */

/* Begin XCConfigurationList section */
		3AFDFD542712E7710039F13D /* Build configuration list for PBXProject "Spotify" */ = {
			isa = XCConfigurationList;
			buildConfigurations = (
				3AFDFD6B2712E7740039F13D /* Debug */,
				3AFDFD6C2712E7740039F13D /* Release */,
			);
			defaultConfigurationIsVisible = 0;
			defaultConfigurationName = Release;
		};
		3AFDFD6D2712E7740039F13D /* Build configuration list for PBXNativeTarget "Spotify" */ = {
			isa = XCConfigurationList;
			buildConfigurations = (
				3AFDFD6E2712E7740039F13D /* Debug */,
				3AFDFD6F2712E7740039F13D /* Release */,
			);
			defaultConfigurationIsVisible = 0;
			defaultConfigurationName = Release;
		};
/* End XCConfigurationList section */
	};
	rootObject = 3AFDFD512712E7710039F13D /* Project object */;
}
